
Microsoft Visual Studio Solution File, Format Version 12.00
# Visual Studio 2013
VisualStudioVersion = 12.0.21005.1
MinimumVisualStudioVersion = 10.0.40219.1
Project("{8BC9CEB8-8B4A-11D0-8D11-00A0C91BC942}") = "nginx", "nginx\nginx.vcxproj", "{CF8BB1A8-E6C7-4E5B-9B8C-87C0E0962BF0}"
EndProject
Global
	GlobalSection(SolutionConfigurationPlatforms) = preSolution
		Debug|Win32 = Debug|Win32
		Release|Win32 = Release|Win32
	EndGlobalSection
	GlobalSection(ProjectConfigurationPlatforms) = postSolution
		{CF8BB1A8-E6C7-4E5B-9B8C-87C0E0962BF0}.Debug|Win32.ActiveCfg = Debug|Win32
		{CF8BB1A8-E6C7-4E5B-9B8C-87C0E0962BF0}.Debug|Win32.Build.0 = Debug|Win32
		{CF8BB1A8-E6C7-4E5B-9B8C-87C0E0962BF0}.Release|Win32.ActiveCfg = Release|Win32
		{CF8BB1A8-E6C7-4E5B-9B8C-87C0E0962BF0}.Release|Win32.Build.0 = Release|Win32
	EndGlobalSection
	GlobalSection(SolutionProperties) = preSolution
		HideSolutionNode = FALSE
	EndGlobalSection
EndGlobal
