<?xml version="1.0" encoding="utf-8"?>
<Project ToolsVersion="4.0" xmlns="http://schemas.microsoft.com/developer/msbuild/2003">
  <ItemGroup>
    <Filter Include="Source files">
      <UniqueIdentifier>{8da57809-8d7b-40f6-9d65-9d7492116414}</UniqueIdentifier>
      <Extensions>cpp;c;cc;cxx;def;odl;idl;hpj;bat;asm;asmx</Extensions>
    </Filter>
    <Filter Include="Header files">
      <UniqueIdentifier>{e52ea3c2-42f3-4ac8-9c2e-eeacb07e9564}</UniqueIdentifier>
      <Extensions>h;hpp;hxx;hm;inl;inc;xsd</Extensions>
    </Filter>
    <Filter Include="Resource files">
      <UniqueIdentifier>{3c977b87-9992-4032-bb0b-4a4e79ce08a2}</UniqueIdentifier>
      <Extensions>rc;ico;cur;bmp;dlg;rc2;rct;bin;rgs;gif;jpg;jpeg;jpe;resx;tiff;tif;png;wav</Extensions>
    </Filter>
    <Filter Include="Make files">
      <UniqueIdentifier>{480022f7-3d40-41d5-9a1e-8bf031260dea}</UniqueIdentifier>
    </Filter>
    <Filter Include="VisualGDB settings">
      <UniqueIdentifier>{ab60fd31-f6da-42e5-8447-1608cc67ebde}</UniqueIdentifier>
    </Filter>
    <Filter Include="Source files\core">
      <UniqueIdentifier>{b050750f-22da-4e57-8f22-9c15152c2212}</UniqueIdentifier>
    </Filter>
    <Filter Include="Source files\http">
      <UniqueIdentifier>{dc85d473-18af-4791-bc9c-be386eddcfd7}</UniqueIdentifier>
    </Filter>
    <Filter Include="Source files\http\modules">
      <UniqueIdentifier>{a8fc8414-8803-4688-85f6-6a213961d57e}</UniqueIdentifier>
    </Filter>
    <Filter Include="Source files\mail">
      <UniqueIdentifier>{9abf3712-10c1-46b8-9107-e20547a9ed14}</UniqueIdentifier>
    </Filter>
    <Filter Include="Source files\misc">
      <UniqueIdentifier>{a521987a-4698-4c2d-aaa9-021a8ea284a6}</UniqueIdentifier>
    </Filter>
    <Filter Include="Source files\os">
      <UniqueIdentifier>{4f9cb833-8343-4164-861c-a0ea3bc5de9c}</UniqueIdentifier>
    </Filter>
    <Filter Include="Source files\os\unix">
      <UniqueIdentifier>{203ff546-d23f-419f-bab5-8668683075fb}</UniqueIdentifier>
    </Filter>
    <Filter Include="Source files\event">
      <UniqueIdentifier>{d4ff1e78-4030-44c7-ab65-14b7a7d4808f}</UniqueIdentifier>
    </Filter>
    <Filter Include="Source files\event\modules">
      <UniqueIdentifier>{9833ec2d-344f-4a20-95c6-3ed916323df3}</UniqueIdentifier>
    </Filter>
    <Filter Include="config">
      <UniqueIdentifier>{3cc897b4-89b2-4df4-90a3-35c294491ca7}</UniqueIdentifier>
    </Filter>
  </ItemGroup>
  <ItemGroup>
    <None Include="debug.mak">
      <Filter>Make files</Filter>
    </None>
    <None Include="release.mak">
      <Filter>Make files</Filter>
    </None>
    <None Include="nginx-Debug.vgdbsettings">
      <Filter>VisualGDB settings</Filter>
    </None>
    <None Include="nginx-Release.vgdbsettings">
      <Filter>VisualGDB settings</Filter>
    </None>
    <None Include="src\os\unix\ngx_sunpro_amd64.il">
      <Filter>Source files\os\unix</Filter>
    </None>
    <None Include="src\os\unix\ngx_sunpro_sparc64.il">
      <Filter>Source files\os\unix</Filter>
    </None>
    <None Include="src\os\unix\ngx_sunpro_x86.il">
      <Filter>Source files\os\unix</Filter>
    </None>
  </ItemGroup>
  <ItemGroup>
    <None Include="Makefile" />
  </ItemGroup>
  <ItemGroup>
    <ClCompile Include="src\core\ngx_rbtree.c">
      <Filter>Source files\core</Filter>
    </ClCompile>
    <ClCompile Include="src\core\ngx_regex.c">
      <Filter>Source files\core</Filter>
    </ClCompile>
    <ClCompile Include="src\core\ngx_resolver.c">
      <Filter>Source files\core</Filter>
    </ClCompile>
    <ClCompile Include="src\core\ngx_shmtx.c">
      <Filter>Source files\core</Filter>
    </ClCompile>
    <ClCompile Include="src\core\ngx_slab.c">
      <Filter>Source files\core</Filter>
    </ClCompile>
    <ClCompile Include="src\core\ngx_spinlock.c">
      <Filter>Source files\core</Filter>
    </ClCompile>
    <ClCompile Include="src\core\ngx_string.c">
      <Filter>Source files\core</Filter>
    </ClCompile>
    <ClCompile Include="src\core\ngx_times.c">
      <Filter>Source files\core</Filter>
    </ClCompile>
    <ClCompile Include="src\core\nginx.c">
      <Filter>Source files\core</Filter>
    </ClCompile>
    <ClCompile Include="src\core\ngx_array.c">
      <Filter>Source files\core</Filter>
    </ClCompile>
    <ClCompile Include="src\core\ngx_buf.c">
      <Filter>Source files\core</Filter>
    </ClCompile>
    <ClCompile Include="src\core\ngx_conf_file.c">
      <Filter>Source files\core</Filter>
    </ClCompile>
    <ClCompile Include="src\core\ngx_connection.c">
      <Filter>Source files\core</Filter>
    </ClCompile>
    <ClCompile Include="src\core\ngx_cpuinfo.c">
      <Filter>Source files\core</Filter>
    </ClCompile>
    <ClCompile Include="src\core\ngx_crc32.c">
      <Filter>Source files\core</Filter>
    </ClCompile>
    <ClCompile Include="src\core\ngx_crypt.c">
      <Filter>Source files\core</Filter>
    </ClCompile>
    <ClCompile Include="src\core\ngx_cycle.c">
      <Filter>Source files\core</Filter>
    </ClCompile>
    <ClCompile Include="src\core\ngx_file.c">
      <Filter>Source files\core</Filter>
    </ClCompile>
    <ClCompile Include="src\core\ngx_hash.c">
      <Filter>Source files\core</Filter>
    </ClCompile>
    <ClCompile Include="src\core\ngx_inet.c">
      <Filter>Source files\core</Filter>
    </ClCompile>
    <ClCompile Include="src\core\ngx_list.c">
      <Filter>Source files\core</Filter>
    </ClCompile>
    <ClCompile Include="src\core\ngx_log.c">
      <Filter>Source files\core</Filter>
    </ClCompile>
    <ClCompile Include="src\core\ngx_md5.c">
      <Filter>Source files\core</Filter>
    </ClCompile>
    <ClCompile Include="src\core\ngx_murmurhash.c">
      <Filter>Source files\core</Filter>
    </ClCompile>
    <ClCompile Include="src\core\ngx_open_file_cache.c">
      <Filter>Source files\core</Filter>
    </ClCompile>
    <ClCompile Include="src\core\ngx_output_chain.c">
      <Filter>Source files\core</Filter>
    </ClCompile>
    <ClCompile Include="src\core\ngx_palloc.c">
      <Filter>Source files\core</Filter>
    </ClCompile>
    <ClCompile Include="src\core\ngx_parse.c">
      <Filter>Source files\core</Filter>
    </ClCompile>
    <ClCompile Include="src\core\ngx_queue.c">
      <Filter>Source files\core</Filter>
    </ClCompile>
    <ClCompile Include="src\core\ngx_radix_tree.c">
      <Filter>Source files\core</Filter>
    </ClCompile>
    <ClCompile Include="src\http\ngx_http_busy_lock.c">
      <Filter>Source files\http</Filter>
    </ClCompile>
    <ClCompile Include="src\http\ngx_http_copy_filter_module.c">
      <Filter>Source files\http</Filter>
    </ClCompile>
    <ClCompile Include="src\http\ngx_http_core_module.c">
      <Filter>Source files\http</Filter>
    </ClCompile>
    <ClCompile Include="src\http\ngx_http_file_cache.c">
      <Filter>Source files\http</Filter>
    </ClCompile>
    <ClCompile Include="src\http\ngx_http_header_filter_module.c">
      <Filter>Source files\http</Filter>
    </ClCompile>
    <ClCompile Include="src\http\ngx_http_parse.c">
      <Filter>Source files\http</Filter>
    </ClCompile>
    <ClCompile Include="src\http\ngx_http_parse_time.c">
      <Filter>Source files\http</Filter>
    </ClCompile>
    <ClCompile Include="src\http\ngx_http_postpone_filter_module.c">
      <Filter>Source files\http</Filter>
    </ClCompile>
    <ClCompile Include="src\http\ngx_http_request.c">
      <Filter>Source files\http</Filter>
    </ClCompile>
    <ClCompile Include="src\http\ngx_http_request_body.c">
      <Filter>Source files\http</Filter>
    </ClCompile>
    <ClCompile Include="src\http\ngx_http_script.c">
      <Filter>Source files\http</Filter>
    </ClCompile>
    <ClCompile Include="src\http\ngx_http_special_response.c">
      <Filter>Source files\http</Filter>
    </ClCompile>
    <ClCompile Include="src\http\ngx_http_upstream.c">
      <Filter>Source files\http</Filter>
    </ClCompile>
    <ClCompile Include="src\http\ngx_http_upstream_round_robin.c">
      <Filter>Source files\http</Filter>
    </ClCompile>
    <ClCompile Include="src\http\ngx_http_variables.c">
      <Filter>Source files\http</Filter>
    </ClCompile>
    <ClCompile Include="src\http\ngx_http_write_filter_module.c">
      <Filter>Source files\http</Filter>
    </ClCompile>
    <ClCompile Include="src\http\ngx_http.c">
      <Filter>Source files\http</Filter>
    </ClCompile>
    <ClCompile Include="src\mail\ngx_mail_imap_module.c">
      <Filter>Source files\mail</Filter>
    </ClCompile>
    <ClCompile Include="src\mail\ngx_mail_parse.c">
      <Filter>Source files\mail</Filter>
    </ClCompile>
    <ClCompile Include="src\mail\ngx_mail_pop3_handler.c">
      <Filter>Source files\mail</Filter>
    </ClCompile>
    <ClCompile Include="src\mail\ngx_mail_pop3_module.c">
      <Filter>Source files\mail</Filter>
    </ClCompile>
    <ClCompile Include="src\mail\ngx_mail_proxy_module.c">
      <Filter>Source files\mail</Filter>
    </ClCompile>
    <ClCompile Include="src\mail\ngx_mail_smtp_handler.c">
      <Filter>Source files\mail</Filter>
    </ClCompile>
    <ClCompile Include="src\mail\ngx_mail_smtp_module.c">
      <Filter>Source files\mail</Filter>
    </ClCompile>
    <ClCompile Include="src\mail\ngx_mail.c">
      <Filter>Source files\mail</Filter>
    </ClCompile>
    <ClCompile Include="src\mail\ngx_mail_auth_http_module.c">
      <Filter>Source files\mail</Filter>
    </ClCompile>
    <ClCompile Include="src\mail\ngx_mail_core_module.c">
      <Filter>Source files\mail</Filter>
    </ClCompile>
    <ClCompile Include="src\mail\ngx_mail_handler.c">
      <Filter>Source files\mail</Filter>
    </ClCompile>
    <ClCompile Include="src\mail\ngx_mail_imap_handler.c">
      <Filter>Source files\mail</Filter>
    </ClCompile>
    <ClCompile Include="src\misc\ngx_google_perftools_module.c">
      <Filter>Source files\misc</Filter>
    </ClCompile>
    <ClCompile Include="src\misc\ngx_cpp_test_module.cpp">
      <Filter>Source files\misc</Filter>
    </ClCompile>
    <ClCompile Include="src\os\unix\ngx_time.c">
      <Filter>Source files\os\unix</Filter>
    </ClCompile>
    <ClCompile Include="src\os\unix\ngx_udp_recv.c">
      <Filter>Source files\os\unix</Filter>
    </ClCompile>
    <ClCompile Include="src\os\unix\ngx_user.c">
      <Filter>Source files\os\unix</Filter>
    </ClCompile>
    <ClCompile Include="src\os\unix\ngx_writev_chain.c">
      <Filter>Source files\os\unix</Filter>
    </ClCompile>
    <ClCompile Include="src\os\unix\ngx_alloc.c">
      <Filter>Source files\os\unix</Filter>
    </ClCompile>
    <ClCompile Include="src\os\unix\ngx_channel.c">
      <Filter>Source files\os\unix</Filter>
    </ClCompile>
    <ClCompile Include="src\os\unix\ngx_daemon.c">
      <Filter>Source files\os\unix</Filter>
    </ClCompile>
    <ClCompile Include="src\os\unix\ngx_errno.c">
      <Filter>Source files\os\unix</Filter>
    </ClCompile>
    <ClCompile Include="src\os\unix\ngx_files.c">
      <Filter>Source files\os\unix</Filter>
    </ClCompile>
    <ClCompile Include="src\os\unix\ngx_linux_init.c">
      <Filter>Source files\os\unix</Filter>
    </ClCompile>
    <ClCompile Include="src\os\unix\ngx_linux_sendfile_chain.c">
      <Filter>Source files\os\unix</Filter>
    </ClCompile>
    <ClCompile Include="src\os\unix\ngx_posix_init.c">
      <Filter>Source files\os\unix</Filter>
    </ClCompile>
    <ClCompile Include="src\os\unix\ngx_process.c">
      <Filter>Source files\os\unix</Filter>
    </ClCompile>
    <ClCompile Include="src\os\unix\ngx_process_cycle.c">
      <Filter>Source files\os\unix</Filter>
    </ClCompile>
    <ClCompile Include="src\os\unix\ngx_readv_chain.c">
      <Filter>Source files\os\unix</Filter>
    </ClCompile>
    <ClCompile Include="src\os\unix\ngx_recv.c">
      <Filter>Source files\os\unix</Filter>
    </ClCompile>
    <ClCompile Include="src\os\unix\ngx_send.c">
      <Filter>Source files\os\unix</Filter>
    </ClCompile>
    <ClCompile Include="src\os\unix\ngx_setproctitle.c">
      <Filter>Source files\os\unix</Filter>
    </ClCompile>
    <ClCompile Include="src\os\unix\ngx_shmem.c">
      <Filter>Source files\os\unix</Filter>
    </ClCompile>
    <ClCompile Include="src\os\unix\ngx_socket.c">
      <Filter>Source files\os\unix</Filter>
    </ClCompile>
    <ClCompile Include="src\event\ngx_event_mutex.c">
      <Filter>Source files\event</Filter>
    </ClCompile>
    <ClCompile Include="src\event\ngx_event_pipe.c">
      <Filter>Source files\event</Filter>
    </ClCompile>
    <ClCompile Include="src\event\ngx_event_posted.c">
      <Filter>Source files\event</Filter>
    </ClCompile>
    <ClCompile Include="src\event\ngx_event_timer.c">
      <Filter>Source files\event</Filter>
    </ClCompile>
    <ClCompile Include="src\event\ngx_event.c">
      <Filter>Source files\event</Filter>
    </ClCompile>
    <ClCompile Include="src\event\ngx_event_accept.c">
      <Filter>Source files\event</Filter>
    </ClCompile>
    <ClCompile Include="src\event\ngx_event_busy_lock.c">
      <Filter>Source files\event</Filter>
    </ClCompile>
    <ClCompile Include="src\event\ngx_event_connect.c">
      <Filter>Source files\event</Filter>
    </ClCompile>
    <ClCompile Include="config\ngx_modules.c">
      <Filter>config</Filter>
    </ClCompile>
    <ClCompile Include="src\event\modules\ngx_epoll_module.c">
      <Filter>Source files\event\modules</Filter>
    </ClCompile>
    <ClCompile Include="src\http\modules\ngx_http_log_module.c">
      <Filter>Source files\http\modules</Filter>
    </ClCompile>
    <ClCompile Include="src\http\modules\ngx_http_autoindex_module.c">
      <Filter>Source files\http\modules</Filter>
    </ClCompile>
    <ClCompile Include="src\http\modules\ngx_http_index_module.c">
      <Filter>Source files\http\modules</Filter>
    </ClCompile>
    <ClCompile Include="src\http\modules\ngx_http_auth_basic_module.c">
      <Filter>Source files\http\modules</Filter>
    </ClCompile>
    <ClCompile Include="src\http\modules\ngx_http_access_module.c">
      <Filter>Source files\http\modules</Filter>
    </ClCompile>
    <ClCompile Include="src\http\modules\ngx_http_limit_req_module.c">
      <Filter>Source files\http\modules</Filter>
    </ClCompile>
    <ClCompile Include="src\http\modules\ngx_http_limit_zone_module.c">
      <Filter>Source files\http\modules</Filter>
    </ClCompile>
    <ClCompile Include="src\http\modules\ngx_http_geo_module.c">
      <Filter>Source files\http\modules</Filter>
    </ClCompile>
    <ClCompile Include="src\http\modules\ngx_http_map_module.c">
      <Filter>Source files\http\modules</Filter>
    </ClCompile>
    <ClCompile Include="src\http\modules\ngx_http_split_clients_module.c">
      <Filter>Source files\http\modules</Filter>
    </ClCompile>
    <ClCompile Include="src\http\modules\ngx_http_rewrite_module.c">
      <Filter>Source files\http\modules</Filter>
    </ClCompile>
    <ClCompile Include="src\http\modules\ngx_http_referer_module.c">
      <Filter>Source files\http\modules</Filter>
    </ClCompile>
    <ClCompile Include="src\http\modules\ngx_http_proxy_module.c">
      <Filter>Source files\http\modules</Filter>
    </ClCompile>
    <ClCompile Include="src\http\modules\ngx_http_fastcgi_module.c">
      <Filter>Source files\http\modules</Filter>
    </ClCompile>
    <ClCompile Include="src\http\modules\ngx_http_userid_filter_module.c">
      <Filter>Source files\http\modules</Filter>
    </ClCompile>
    <ClCompile Include="src\http\modules\ngx_http_scgi_module.c">
      <Filter>Source files\http\modules</Filter>
    </ClCompile>
    <ClCompile Include="src\http\modules\ngx_http_memcached_module.c">
      <Filter>Source files\http\modules</Filter>
    </ClCompile>
    <ClCompile Include="src\http\modules\ngx_http_empty_gif_module.c">
      <Filter>Source files\http\modules</Filter>
    </ClCompile>
    <ClCompile Include="src\http\modules\ngx_http_browser_module.c">
      <Filter>Source files\http\modules</Filter>
    </ClCompile>
    <ClCompile Include="src\http\modules\ngx_http_upstream_ip_hash_module.c">
      <Filter>Source files\http\modules</Filter>
    </ClCompile>
    <ClCompile Include="src\http\modules\ngx_http_chunked_filter_module.c">
      <Filter>Source files\http\modules</Filter>
    </ClCompile>
    <ClCompile Include="src\http\modules\ngx_http_range_filter_module.c">
      <Filter>Source files\http\modules</Filter>
    </ClCompile>
    <ClCompile Include="src\http\modules\ngx_http_gzip_filter_module.c">
      <Filter>Source files\http\modules</Filter>
    </ClCompile>
    <ClCompile Include="src\http\modules\ngx_http_ssi_filter_module.c">
      <Filter>Source files\http\modules</Filter>
    </ClCompile>
    <ClCompile Include="src\http\modules\ngx_http_charset_filter_module.c">
      <Filter>Source files\http\modules</Filter>
    </ClCompile>
    <ClCompile Include="src\http\modules\ngx_http_not_modified_filter_module.c">
      <Filter>Source files\http\modules</Filter>
    </ClCompile>
    <ClCompile Include="src\http\modules\ngx_http_static_module.c">
      <Filter>Source files\os\unix</Filter>
    </ClCompile>
    <ClCompile Include="src\http\modules\ngx_http_uwsgi_module.c">
      <Filter>Source files\os\unix</Filter>
    </ClCompile>
    <ClCompile Include="src\http\modules\ngx_http_headers_filter_module.c">
      <Filter>Source files\os\unix</Filter>
    </ClCompile>
  </ItemGroup>
  <ItemGroup>
    <ClInclude Include="src\core\ngx_rbtree.h">
      <Filter>Source files\core</Filter>
    </ClInclude>
    <ClInclude Include="src\core\ngx_regex.h">
      <Filter>Source files\core</Filter>
    </ClInclude>
    <ClInclude Include="src\core\ngx_resolver.h">
      <Filter>Source files\core</Filter>
    </ClInclude>
    <ClInclude Include="src\core\ngx_sha1.h">
      <Filter>Source files\core</Filter>
    </ClInclude>
    <ClInclude Include="src\core\ngx_shmtx.h">
      <Filter>Source files\core</Filter>
    </ClInclude>
    <ClInclude Include="src\core\ngx_slab.h">
      <Filter>Source files\core</Filter>
    </ClInclude>
    <ClInclude Include="src\core\ngx_string.h">
      <Filter>Source files\core</Filter>
    </ClInclude>
    <ClInclude Include="src\core\ngx_times.h">
      <Filter>Source files\core</Filter>
    </ClInclude>
    <ClInclude Include="src\core\nginx.h">
      <Filter>Source files\core</Filter>
    </ClInclude>
    <ClInclude Include="src\core\ngx_array.h">
      <Filter>Source files\core</Filter>
    </ClInclude>
    <ClInclude Include="src\core\ngx_buf.h">
      <Filter>Source files\core</Filter>
    </ClInclude>
    <ClInclude Include="src\core\ngx_conf_file.h">
      <Filter>Source files\core</Filter>
    </ClInclude>
    <ClInclude Include="src\core\ngx_config.h">
      <Filter>Source files\core</Filter>
    </ClInclude>
    <ClInclude Include="src\core\ngx_connection.h">
      <Filter>Source files\core</Filter>
    </ClInclude>
    <ClInclude Include="src\core\ngx_core.h">
      <Filter>Source files\core</Filter>
    </ClInclude>
    <ClInclude Include="src\core\ngx_crc.h">
      <Filter>Source files\core</Filter>
    </ClInclude>
    <ClInclude Include="src\core\ngx_crc32.h">
      <Filter>Source files\core</Filter>
    </ClInclude>
    <ClInclude Include="src\core\ngx_crypt.h">
      <Filter>Source files\core</Filter>
    </ClInclude>
    <ClInclude Include="src\core\ngx_cycle.h">
      <Filter>Source files\core</Filter>
    </ClInclude>
    <ClInclude Include="src\core\ngx_file.h">
      <Filter>Source files\core</Filter>
    </ClInclude>
    <ClInclude Include="src\core\ngx_hash.h">
      <Filter>Source files\core</Filter>
    </ClInclude>
    <ClInclude Include="src\core\ngx_inet.h">
      <Filter>Source files\core</Filter>
    </ClInclude>
    <ClInclude Include="src\core\ngx_list.h">
      <Filter>Source files\core</Filter>
    </ClInclude>
    <ClInclude Include="src\core\ngx_log.h">
      <Filter>Source files\core</Filter>
    </ClInclude>
    <ClInclude Include="src\core\ngx_md5.h">
      <Filter>Source files\core</Filter>
    </ClInclude>
    <ClInclude Include="src\core\ngx_murmurhash.h">
      <Filter>Source files\core</Filter>
    </ClInclude>
    <ClInclude Include="src\core\ngx_open_file_cache.h">
      <Filter>Source files\core</Filter>
    </ClInclude>
    <ClInclude Include="src\core\ngx_palloc.h">
      <Filter>Source files\core</Filter>
    </ClInclude>
    <ClInclude Include="src\core\ngx_parse.h">
      <Filter>Source files\core</Filter>
    </ClInclude>
    <ClInclude Include="src\core\ngx_queue.h">
      <Filter>Source files\core</Filter>
    </ClInclude>
    <ClInclude Include="src\core\ngx_radix_tree.h">
      <Filter>Source files\core</Filter>
    </ClInclude>
    <ClInclude Include="src\http\ngx_http_busy_lock.h">
      <Filter>Source files\http</Filter>
    </ClInclude>
    <ClInclude Include="src\http\ngx_http_cache.h">
      <Filter>Source files\http</Filter>
    </ClInclude>
    <ClInclude Include="src\http\ngx_http_config.h">
      <Filter>Source files\http</Filter>
    </ClInclude>
    <ClInclude Include="src\http\ngx_http_core_module.h">
      <Filter>Source files\http</Filter>
    </ClInclude>
    <ClInclude Include="src\http\ngx_http_request.h">
      <Filter>Source files\http</Filter>
    </ClInclude>
    <ClInclude Include="src\http\ngx_http_script.h">
      <Filter>Source files\http</Filter>
    </ClInclude>
    <ClInclude Include="src\http\ngx_http_upstream.h">
      <Filter>Source files\http</Filter>
    </ClInclude>
    <ClInclude Include="src\http\ngx_http_upstream_round_robin.h">
      <Filter>Source files\http</Filter>
    </ClInclude>
    <ClInclude Include="src\http\ngx_http_variables.h">
      <Filter>Source files\http</Filter>
    </ClInclude>
    <ClInclude Include="src\http\ngx_http.h">
      <Filter>Source files\http</Filter>
    </ClInclude>
    <ClInclude Include="src\mail\ngx_mail_imap_module.h">
      <Filter>Source files\mail</Filter>
    </ClInclude>
    <ClInclude Include="src\mail\ngx_mail_pop3_module.h">
      <Filter>Source files\mail</Filter>
    </ClInclude>
    <ClInclude Include="src\mail\ngx_mail_smtp_module.h">
      <Filter>Source files\mail</Filter>
    </ClInclude>
    <ClInclude Include="src\mail\ngx_mail.h">
      <Filter>Source files\mail</Filter>
    </ClInclude>
    <ClInclude Include="src\os\unix\ngx_time.h">
      <Filter>Source files\os\unix</Filter>
    </ClInclude>
    <ClInclude Include="src\os\unix\ngx_user.h">
      <Filter>Source files\os\unix</Filter>
    </ClInclude>
    <ClInclude Include="src\os\unix\ngx_alloc.h">
      <Filter>Source files\os\unix</Filter>
    </ClInclude>
    <ClInclude Include="src\os\unix\ngx_atomic.h">
      <Filter>Source files\os\unix</Filter>
    </ClInclude>
    <ClInclude Include="src\os\unix\ngx_channel.h">
      <Filter>Source files\os\unix</Filter>
    </ClInclude>
    <ClInclude Include="src\os\unix\ngx_errno.h">
      <Filter>Source files\os\unix</Filter>
    </ClInclude>
    <ClInclude Include="src\os\unix\ngx_files.h">
      <Filter>Source files\os\unix</Filter>
    </ClInclude>
    <ClInclude Include="src\os\unix\ngx_gcc_atomic_amd64.h">
      <Filter>Source files\os\unix</Filter>
    </ClInclude>
    <ClInclude Include="src\os\unix\ngx_gcc_atomic_ppc.h">
      <Filter>Source files\os\unix</Filter>
    </ClInclude>
    <ClInclude Include="src\os\unix\ngx_gcc_atomic_sparc64.h">
      <Filter>Source files\os\unix</Filter>
    </ClInclude>
    <ClInclude Include="src\os\unix\ngx_gcc_atomic_x86.h">
      <Filter>Source files\os\unix</Filter>
    </ClInclude>
    <ClInclude Include="src\os\unix\ngx_linux.h">
      <Filter>Source files\os\unix</Filter>
    </ClInclude>
    <ClInclude Include="src\os\unix\ngx_linux_config.h">
      <Filter>Source files\os\unix</Filter>
    </ClInclude>
    <ClInclude Include="src\os\unix\ngx_os.h">
      <Filter>Source files\os\unix</Filter>
    </ClInclude>
    <ClInclude Include="src\os\unix\ngx_posix_config.h">
      <Filter>Source files\os\unix</Filter>
    </ClInclude>
    <ClInclude Include="src\os\unix\ngx_process.h">
      <Filter>Source files\os\unix</Filter>
    </ClInclude>
    <ClInclude Include="src\os\unix\ngx_process_cycle.h">
      <Filter>Source files\os\unix</Filter>
    </ClInclude>
    <ClInclude Include="src\os\unix\ngx_setproctitle.h">
      <Filter>Source files\os\unix</Filter>
    </ClInclude>
    <ClInclude Include="src\os\unix\ngx_shmem.h">
      <Filter>Source files\os\unix</Filter>
    </ClInclude>
    <ClInclude Include="src\os\unix\ngx_socket.h">
      <Filter>Source files\os\unix</Filter>
    </ClInclude>
    <ClInclude Include="src\os\unix\ngx_sunpro_atomic_sparc64.h">
      <Filter>Source files\os\unix</Filter>
    </ClInclude>
    <ClInclude Include="src\os\unix\ngx_thread.h">
      <Filter>Source files\os\unix</Filter>
    </ClInclude>
    <ClInclude Include="src\event\ngx_event_pipe.h">
      <Filter>Source files\event</Filter>
    </ClInclude>
    <ClInclude Include="src\event\ngx_event_posted.h">
      <Filter>Source files\event</Filter>
    </ClInclude>
    <ClInclude Include="src\event\ngx_event_timer.h">
      <Filter>Source files\event</Filter>
    </ClInclude>
    <ClInclude Include="src\event\ngx_event.h">
      <Filter>Source files\event</Filter>
    </ClInclude>
    <ClInclude Include="src\event\ngx_event_busy_lock.h">
      <Filter>Source files\event</Filter>
    </ClInclude>
    <ClInclude Include="src\event\ngx_event_connect.h">
      <Filter>Source files\event</Filter>
    </ClInclude>
    <ClInclude Include="config\ngx_auto_headers.h">
      <Filter>config</Filter>
    </ClInclude>
    <ClInclude Include="config\ngx_auto_config.h">
      <Filter>config</Filter>
    </ClInclude>
    <ClInclude Include="src\http\modules\ngx_http_ssi_filter_module.h">
      <Filter>Source files\http\modules</Filter>
    </ClInclude>
  </ItemGroup>
</Project>